
Microsoft Visual Studio Solution File, Format Version 12.00
# Visual Studio Version 17
VisualStudioVersion = 17.5.002.0
MinimumVisualStudioVersion = 10.0.40219.1
Project("{9A19103F-16F7-4668-BE54-9A1E7A4F7556}") = "mysqlefcoreproj", "mysqlefcoreproj\mysqlefcoreproj.csproj", "{71CB0112-40D4-49D0-938B-326F973022EC}"
EndProject
Global
	GlobalSection(SolutionConfigurationPlatforms) = preSolution
		Debug|Any CPU = Debug|Any CPU
		Release|Any CPU = Release|Any CPU
	EndGlobalSection
	GlobalSection(ProjectConfigurationPlatforms) = postSolution
		{71CB0112-40D4-49D0-938B-326F973022EC}.Debug|Any CPU.ActiveCfg = Debug|Any CPU
		{71CB0112-40D4-49D0-938B-326F973022EC}.Debug|Any CPU.Build.0 = Debug|Any CPU
		{71CB0112-40D4-49D0-938B-326F973022EC}.Release|Any CPU.ActiveCfg = Release|Any CPU
		{71CB0112-40D4-49D0-938B-326F973022EC}.Release|Any CPU.Build.0 = Release|Any CPU
	EndGlobalSection
	GlobalSection(SolutionProperties) = preSolution
		HideSolutionNode = FALSE
	EndGlobalSection
	GlobalSection(ExtensibilityGlobals) = postSolution
		SolutionGuid = {AC541BD2-9488-452C-B455-F011AE9EEBA7}
	EndGlobalSection
EndGlobal
